{
  "version": 4,
  "terraform_version": "1.1.9",
  "serial": 319,
  "lineage": "66ab13ee-cd32-9ee1-e991-8a63a1afdd72",
  "outputs": {
    "instance_ip_addr": {
      "value": "3.142.42.8",
      "type": "string"
    }
  },
  "resources": [
    {
      "mode": "data",
      "type": "aws_ami",
      "name": "amzn2",
      "provider": "provider[\"registry.terraform.io/hashicorp/aws\"]",
      "instances": [
        {
          "schema_version": 0,
          "attributes": {
            "architecture": "x86_64",
            "arn": "arn:aws:ec2:us-east-2::image/ami-0362cad57536c387f",
            "block_device_mappings": [
              {
                "device_name": "/dev/xvda",
                "ebs": {
                  "delete_on_termination": "true",
                  "encrypted": "false",
                  "iops": "0",
                  "snapshot_id": "snap-072dd730a2a22cb22",
                  "throughput": "0",
                  "volume_size": "8",
                  "volume_type": "standard"
                },
                "no_device": "",
                "virtual_name": ""
              }
            ],
            "boot_mode": "",
            "creation_date": "2022-04-28T21:37:09.000Z",
            "deprecation_time": "2024-04-28T21:37:09.000Z",
            "description": "Amazon Linux 2 AMI 2.0.20220426.0 x86_64 HVM ebs",
            "ena_support": true,
            "executable_users": null,
            "filter": [
              {
                "name": "name",
                "values": [
                  "amzn2-ami-hvm-*-x86_64-ebs"
                ]
              }
            ],
            "hypervisor": "xen",
            "id": "ami-0362cad57536c387f",
            "image_id": "ami-0362cad57536c387f",
            "image_location": "amazon/amzn2-ami-hvm-2.0.20220426.0-x86_64-ebs",
            "image_owner_alias": "amazon",
            "image_type": "machine",
            "kernel_id": "",
            "most_recent": true,
            "name": "amzn2-ami-hvm-2.0.20220426.0-x86_64-ebs",
            "name_regex": null,
            "owner_id": "137112412989",
            "owners": [
              "amazon"
            ],
            "platform": "",
            "platform_details": "Linux/UNIX",
            "product_codes": [],
            "public": true,
            "ramdisk_id": "",
            "root_device_name": "/dev/xvda",
            "root_device_type": "ebs",
            "root_snapshot_id": "snap-072dd730a2a22cb22",
            "sriov_net_support": "simple",
            "state": "available",
            "state_reason": {
              "code": "UNSET",
              "message": "UNSET"
            },
            "tags": {},
            "usage_operation": "RunInstances",
            "virtualization_type": "hvm"
          },
          "sensitive_attributes": []
        }
      ]
    },
    {
      "mode": "managed",
      "type": "aws_eip",
      "name": "web-server-eip",
      "provider": "provider[\"registry.terraform.io/hashicorp/aws\"]",
      "instances": [
        {
          "schema_version": 0,
          "attributes": {
            "address": null,
            "allocation_id": "eipalloc-031e4c10c7a5c254f",
            "associate_with_private_ip": null,
            "association_id": "",
            "carrier_ip": "",
            "customer_owned_ip": "",
            "customer_owned_ipv4_pool": "",
            "domain": "vpc",
            "id": "eipalloc-031e4c10c7a5c254f",
            "instance": "",
            "network_border_group": "us-east-2",
            "network_interface": "",
            "private_dns": null,
            "private_ip": "",
            "public_dns": "ec2-3-20-139-187.us-east-2.compute.amazonaws.com",
            "public_ip": "3.20.139.187",
            "public_ipv4_pool": "amazon",
            "tags": {
              "Name": "terraform-eip"
            },
            "tags_all": {
              "Name": "terraform-eip"
            },
            "timeouts": null,
            "vpc": true
          },
          "sensitive_attributes": [],
          "private": "eyJlMmJmYjczMC1lY2FhLTExZTYtOGY4OC0zNDM2M2JjN2M0YzAiOnsiZGVsZXRlIjoxODAwMDAwMDAwMDAsInJlYWQiOjkwMDAwMDAwMDAwMCwidXBkYXRlIjozMDAwMDAwMDAwMDB9fQ==",
          "dependencies": [
            "aws_internet_gateway.igw",
            "aws_vpc.terraform_vpc"
          ]
        }
      ]
    },
    {
      "mode": "managed",
      "type": "aws_eip_association",
      "name": "eip_assoc",
      "provider": "provider[\"registry.terraform.io/hashicorp/aws\"]",
      "instances": [
        {
          "schema_version": 0,
          "attributes": {
            "allocation_id": "eipalloc-031e4c10c7a5c254f",
            "allow_reassociation": null,
            "id": "eipassoc-040a06b422f08efd3",
            "instance_id": "i-0d12ab36814cd4ca1",
            "network_interface_id": "eni-097d3465f8c95f82e",
            "private_ip_address": "10.0.1.18",
            "public_ip": "3.20.139.187"
          },
          "sensitive_attributes": [],
          "private": "bnVsbA==",
          "dependencies": [
            "aws_eip.web-server-eip",
            "aws_instance.web-server",
            "aws_internet_gateway.igw",
            "aws_key_pair.ec2_key_pair",
            "aws_security_group.ec2_sg",
            "aws_subnet.subnet_1",
            "aws_vpc.terraform_vpc",
            "data.aws_ami.amzn2",
            "tls_private_key.ec2_key"
          ]
        }
      ]
    },
    {
      "mode": "managed",
      "type": "aws_instance",
      "name": "web-server",
      "provider": "provider[\"registry.terraform.io/hashicorp/aws\"]",
      "instances": [
        {
          "schema_version": 1,
          "attributes": {
            "ami": "ami-0362cad57536c387f",
            "arn": "arn:aws:ec2:us-east-2:388565714261:instance/i-0d12ab36814cd4ca1",
            "associate_public_ip_address": true,
            "availability_zone": "us-east-2a",
            "capacity_reservation_specification": [
              {
                "capacity_reservation_preference": "open",
                "capacity_reservation_target": []
              }
            ],
            "cpu_core_count": 1,
            "cpu_threads_per_core": 1,
            "credit_specification": [
              {
                "cpu_credits": "standard"
              }
            ],
            "disable_api_termination": false,
            "ebs_block_device": [],
            "ebs_optimized": false,
            "enclave_options": [
              {
                "enabled": false
              }
            ],
            "ephemeral_block_device": [],
            "get_password_data": false,
            "hibernation": false,
            "host_id": null,
            "iam_instance_profile": "",
            "id": "i-0d12ab36814cd4ca1",
            "instance_initiated_shutdown_behavior": "stop",
            "instance_state": "running",
            "instance_type": "t2.micro",
            "ipv6_address_count": 0,
            "ipv6_addresses": [],
            "key_name": "my_ec2_key",
            "launch_template": [],
            "maintenance_options": [
              {
                "auto_recovery": "default"
              }
            ],
            "metadata_options": [
              {
                "http_endpoint": "enabled",
                "http_put_response_hop_limit": 1,
                "http_tokens": "optional",
                "instance_metadata_tags": "disabled"
              }
            ],
            "monitoring": false,
            "network_interface": [],
            "outpost_arn": "",
            "password_data": "",
            "placement_group": "",
            "placement_partition_number": null,
            "primary_network_interface_id": "eni-097d3465f8c95f82e",
            "private_dns": "ip-10-0-1-18.us-east-2.compute.internal",
            "private_ip": "10.0.1.18",
            "public_dns": "ec2-3-142-42-8.us-east-2.compute.amazonaws.com",
            "public_ip": "3.142.42.8",
            "root_block_device": [
              {
                "delete_on_termination": true,
                "device_name": "/dev/xvda",
                "encrypted": false,
                "iops": 0,
                "kms_key_id": "",
                "tags": {},
                "throughput": 0,
                "volume_id": "vol-09934cd50e1d85e4c",
                "volume_size": 8,
                "volume_type": "standard"
              }
            ],
            "secondary_private_ips": [],
            "security_groups": [
              "sg-0c0813b4c4b93f9e7"
            ],
            "source_dest_check": true,
            "subnet_id": "subnet-01c3736a08bf1b1f0",
            "tags": {
              "Name": "HelloTerraform"
            },
            "tags_all": {
              "Name": "HelloTerraform"
            },
            "tenancy": "default",
            "timeouts": null,
            "user_data": "f8d75e6c1cc823d868486dff4e7a262f36498857",
            "user_data_base64": null,
            "user_data_replace_on_change": false,
            "volume_tags": null,
            "vpc_security_group_ids": [
              "sg-0c0813b4c4b93f9e7"
            ]
          },
          "sensitive_attributes": [],
          "private": "eyJlMmJmYjczMC1lY2FhLTExZTYtOGY4OC0zNDM2M2JjN2M0YzAiOnsiY3JlYXRlIjo2MDAwMDAwMDAwMDAsImRlbGV0ZSI6MTIwMDAwMDAwMDAwMCwidXBkYXRlIjo2MDAwMDAwMDAwMDB9LCJzY2hlbWFfdmVyc2lvbiI6IjEifQ==",
          "dependencies": [
            "aws_key_pair.ec2_key_pair",
            "aws_security_group.ec2_sg",
            "aws_subnet.subnet_1",
            "aws_vpc.terraform_vpc",
            "data.aws_ami.amzn2",
            "tls_private_key.ec2_key"
          ]
        }
      ]
    },
    {
      "mode": "managed",
      "type": "aws_internet_gateway",
      "name": "igw",
      "provider": "provider[\"registry.terraform.io/hashicorp/aws\"]",
      "instances": [
        {
          "schema_version": 0,
          "attributes": {
            "arn": "arn:aws:ec2:us-east-2:388565714261:internet-gateway/igw-0abbd1a1ab2a2e35f",
            "id": "igw-0abbd1a1ab2a2e35f",
            "owner_id": "388565714261",
            "tags": null,
            "tags_all": {},
            "vpc_id": "vpc-0bd042e092fb15a91"
          },
          "sensitive_attributes": [],
          "private": "bnVsbA==",
          "dependencies": [
            "aws_vpc.terraform_vpc"
          ]
        }
      ]
    },
    {
      "mode": "managed",
      "type": "aws_key_pair",
      "name": "ec2_key_pair",
      "provider": "provider[\"registry.terraform.io/hashicorp/aws\"]",
      "instances": [
        {
          "schema_version": 1,
          "attributes": {
            "arn": "arn:aws:ec2:us-east-2:388565714261:key-pair/my_ec2_key",
            "fingerprint": "57:8b:d4:63:1a:ed:84:10:95:10:df:b8:27:c0:96:ad",
            "id": "my_ec2_key",
            "key_name": "my_ec2_key",
            "key_name_prefix": "",
            "key_pair_id": "key-0c422198b9d4ddd2f",
            "public_key": "ssh-rsa AAAAB3NzaC1yc2EAAAADAQABAAACAQDAj4akIlZZDKhSNPrkvRhgTYYUmQ67inmhnc7lapNI/xJ2yODQkVgGTLMT984H6ESEj6RY3VjEInKJEKeBJoYIJNRtuoTPocEo204TISnwsqr5x+XL9xbQ6ozT0HIclpuikjvyaDwrrrvXNqIUOWSUn6xm1i10O3N3G0Pjy+IqtKYkUK2DYTjQPMAXuynXCwH1gktHNQM7V+OXqfrpHX0QkFL5UAqga49csN7cfheNalscD5XwsYi/xU4L+lT+kdGd5VC5X3rXWuvhORUveu48MYjCOI9zf1sZIvIN0Uak5PQTkz8qGJMai46DM/2mpRw/uaCUbZKr8Nz/quwm51AiHkgfJQYUxoFVkhTwL33ADEYb3nFii99N9dWeCkYYHUDoPsLfmE8c/ew+7TwRwUT5gTmuIBk1kGip+AUCnSFspFKBaWyDkNqNsmFVSrEMdK+z4MvHiqRCAH1wUa4JPhJmtIvnCwuvockbZn6oDidPikapWotdZb7PBKKh4C5XOXEry4jhVuaW9u2DyeW9TU5CYgUcc6iALzMqCx4wERlkf/QFZ4cISYdT5tYgkQchzAlN60XnOZYiQAYljgFzR4K3xWQIPSw96KRrttxAqfr3P5lZgO3C8jwPOLulTiuKeveoLsr37686mbMaE8lToSMJarYPPVkyk7RqhqfsPTxmgQ==",
            "tags": null,
            "tags_all": {}
          },
          "sensitive_attributes": [],
          "private": "eyJzY2hlbWFfdmVyc2lvbiI6IjEifQ==",
          "dependencies": [
            "tls_private_key.ec2_key"
          ]
        }
      ]
    },
    {
      "mode": "managed",
      "type": "aws_route_table",
      "name": "public_route_table",
      "provider": "provider[\"registry.terraform.io/hashicorp/aws\"]",
      "instances": [
        {
          "schema_version": 0,
          "attributes": {
            "arn": "arn:aws:ec2:us-east-2:388565714261:route-table/rtb-0bb16fd7a8e48cbc7",
            "id": "rtb-0bb16fd7a8e48cbc7",
            "owner_id": "388565714261",
            "propagating_vgws": [],
            "route": [
              {
                "carrier_gateway_id": "",
                "cidr_block": "0.0.0.0/0",
                "core_network_arn": "",
                "destination_prefix_list_id": "",
                "egress_only_gateway_id": "",
                "gateway_id": "igw-0abbd1a1ab2a2e35f",
                "instance_id": "",
                "ipv6_cidr_block": "",
                "local_gateway_id": "",
                "nat_gateway_id": "",
                "network_interface_id": "",
                "transit_gateway_id": "",
                "vpc_endpoint_id": "",
                "vpc_peering_connection_id": ""
              }
            ],
            "tags": null,
            "tags_all": {},
            "timeouts": null,
            "vpc_id": "vpc-0bd042e092fb15a91"
          },
          "sensitive_attributes": [],
          "private": "eyJlMmJmYjczMC1lY2FhLTExZTYtOGY4OC0zNDM2M2JjN2M0YzAiOnsiY3JlYXRlIjozMDAwMDAwMDAwMDAsImRlbGV0ZSI6MzAwMDAwMDAwMDAwLCJ1cGRhdGUiOjEyMDAwMDAwMDAwMH19",
          "dependencies": [
            "aws_internet_gateway.igw",
            "aws_vpc.terraform_vpc"
          ]
        }
      ]
    },
    {
      "mode": "managed",
      "type": "aws_route_table_association",
      "name": "rt_associate_subnet",
      "provider": "provider[\"registry.terraform.io/hashicorp/aws\"]",
      "instances": [
        {
          "schema_version": 0,
          "attributes": {
            "gateway_id": "",
            "id": "rtbassoc-0108687a6b00d904d",
            "route_table_id": "rtb-0bb16fd7a8e48cbc7",
            "subnet_id": "subnet-01c3736a08bf1b1f0"
          },
          "sensitive_attributes": [],
          "private": "bnVsbA==",
          "dependencies": [
            "aws_internet_gateway.igw",
            "aws_route_table.public_route_table",
            "aws_subnet.subnet_1",
            "aws_vpc.terraform_vpc"
          ]
        }
      ]
    },
    {
      "mode": "managed",
      "type": "aws_security_group",
      "name": "ec2_sg",
      "provider": "provider[\"registry.terraform.io/hashicorp/aws\"]",
      "instances": [
        {
          "schema_version": 1,
          "attributes": {
            "arn": "arn:aws:ec2:us-east-2:388565714261:security-group/sg-0c0813b4c4b93f9e7",
            "description": "Security group to allow SSH from anwwhere",
            "egress": [
              {
                "cidr_blocks": [
                  "0.0.0.0/0"
                ],
                "description": "",
                "from_port": 0,
                "ipv6_cidr_blocks": [
                  "::/0"
                ],
                "prefix_list_ids": [],
                "protocol": "-1",
                "security_groups": [],
                "self": false,
                "to_port": 0
              }
            ],
            "id": "sg-0c0813b4c4b93f9e7",
            "ingress": [
              {
                "cidr_blocks": [
                  "0.0.0.0/0"
                ],
                "description": "",
                "from_port": 22,
                "ipv6_cidr_blocks": [
                  "::/0"
                ],
                "prefix_list_ids": [],
                "protocol": "tcp",
                "security_groups": [],
                "self": false,
                "to_port": 22
              },
              {
                "cidr_blocks": [
                  "0.0.0.0/0"
                ],
                "description": "",
                "from_port": 443,
                "ipv6_cidr_blocks": [
                  "::/0"
                ],
                "prefix_list_ids": [],
                "protocol": "tcp",
                "security_groups": [],
                "self": false,
                "to_port": 443
              },
              {
                "cidr_blocks": [
                  "0.0.0.0/0"
                ],
                "description": "",
                "from_port": 80,
                "ipv6_cidr_blocks": [
                  "::/0"
                ],
                "prefix_list_ids": [],
                "protocol": "tcp",
                "security_groups": [],
                "self": false,
                "to_port": 80
              }
            ],
            "name": "terraform-sg",
            "name_prefix": "",
            "owner_id": "388565714261",
            "revoke_rules_on_delete": false,
            "tags": {
              "Name": "terraform-sg"
            },
            "tags_all": {
              "Name": "terraform-sg"
            },
            "timeouts": null,
            "vpc_id": "vpc-0bd042e092fb15a91"
          },
          "sensitive_attributes": [],
          "private": "eyJlMmJmYjczMC1lY2FhLTExZTYtOGY4OC0zNDM2M2JjN2M0YzAiOnsiY3JlYXRlIjo2MDAwMDAwMDAwMDAsImRlbGV0ZSI6OTAwMDAwMDAwMDAwfSwic2NoZW1hX3ZlcnNpb24iOiIxIn0=",
          "dependencies": [
            "aws_vpc.terraform_vpc"
          ]
        }
      ]
    },
    {
      "mode": "managed",
      "type": "aws_subnet",
      "name": "subnet_1",
      "provider": "provider[\"registry.terraform.io/hashicorp/aws\"]",
      "instances": [
        {
          "schema_version": 1,
          "attributes": {
            "arn": "arn:aws:ec2:us-east-2:388565714261:subnet/subnet-01c3736a08bf1b1f0",
            "assign_ipv6_address_on_creation": false,
            "availability_zone": "us-east-2a",
            "availability_zone_id": "use2-az1",
            "cidr_block": "10.0.1.0/24",
            "customer_owned_ipv4_pool": "",
            "enable_dns64": false,
            "enable_resource_name_dns_a_record_on_launch": false,
            "enable_resource_name_dns_aaaa_record_on_launch": false,
            "id": "subnet-01c3736a08bf1b1f0",
            "ipv6_cidr_block": "",
            "ipv6_cidr_block_association_id": "",
            "ipv6_native": false,
            "map_customer_owned_ip_on_launch": false,
            "map_public_ip_on_launch": true,
            "outpost_arn": "",
            "owner_id": "388565714261",
            "private_dns_hostname_type_on_launch": "ip-name",
            "tags": {
              "Name": "terraform-subnet-1"
            },
            "tags_all": {
              "Name": "terraform-subnet-1"
            },
            "timeouts": null,
            "vpc_id": "vpc-0bd042e092fb15a91"
          },
          "sensitive_attributes": [],
          "private": "eyJlMmJmYjczMC1lY2FhLTExZTYtOGY4OC0zNDM2M2JjN2M0YzAiOnsiY3JlYXRlIjo2MDAwMDAwMDAwMDAsImRlbGV0ZSI6MTIwMDAwMDAwMDAwMH0sInNjaGVtYV92ZXJzaW9uIjoiMSJ9",
          "dependencies": [
            "aws_vpc.terraform_vpc"
          ]
        }
      ]
    },
    {
      "mode": "managed",
      "type": "aws_vpc",
      "name": "terraform_vpc",
      "provider": "provider[\"registry.terraform.io/hashicorp/aws\"]",
      "instances": [
        {
          "schema_version": 1,
          "attributes": {
            "arn": "arn:aws:ec2:us-east-2:388565714261:vpc/vpc-0bd042e092fb15a91",
            "assign_generated_ipv6_cidr_block": false,
            "cidr_block": "10.0.0.0/16",
            "default_network_acl_id": "acl-0ddfb159d0305da1d",
            "default_route_table_id": "rtb-0aef4c5e652f02899",
            "default_security_group_id": "sg-00c19de538dc18dbe",
            "dhcp_options_id": "dopt-c212eea9",
            "enable_classiclink": false,
            "enable_classiclink_dns_support": false,
            "enable_dns_hostnames": true,
            "enable_dns_support": true,
            "id": "vpc-0bd042e092fb15a91",
            "instance_tenancy": "default",
            "ipv4_ipam_pool_id": null,
            "ipv4_netmask_length": null,
            "ipv6_association_id": "",
            "ipv6_cidr_block": "",
            "ipv6_cidr_block_network_border_group": "",
            "ipv6_ipam_pool_id": "",
            "ipv6_netmask_length": 0,
            "main_route_table_id": "rtb-0aef4c5e652f02899",
            "owner_id": "388565714261",
            "tags": {
              "Name": "terraform-vpc"
            },
            "tags_all": {
              "Name": "terraform-vpc"
            }
          },
          "sensitive_attributes": [],
          "private": "eyJzY2hlbWFfdmVyc2lvbiI6IjEifQ=="
        }
      ]
    },
    {
      "mode": "managed",
      "type": "local_sensitive_file",
      "name": "private_key",
      "provider": "provider[\"registry.terraform.io/hashicorp/local\"]",
      "instances": [
        {
          "schema_version": 0,
          "attributes": {
            "content": "-----BEGIN OPENSSH PRIVATE KEY-----\nb3BlbnNzaC1rZXktdjEAAAAABG5vbmUAAAAEbm9uZQAAAAAAAAABAAACFwAAAAdz\nc2gtcnNhAAAAAwEAAQAAAgEAwI+GpCJWWQyoUjT65L0YYE2GFJkOu4p5oZ3O5WqT\nSP8Sdsjg0JFYBkyzE/fOB+hEhI+kWN1YxCJyiRCngSaGCCTUbbqEz6HBKNtOEyEp\n8LKq+cfly/cW0OqM09ByHJabopI78mg8K6671zaiFDlklJ+sZtYtdDtzdxtD48vi\nKrSmJFCtg2E40DzAF7sp1wsB9YJLRzUDO1fjl6n66R19EJBS+VAKoGuPXLDe3H4X\njWpbHA+V8LGIv8VOC/pU/pHRneVQuV9611rr4TkVL3ruPDGIwjiPc39bGSLyDdFG\npOT0E5M/KhiTGouOgzP9pqUcP7mglG2Sq/Dc/6rsJudQIh5IHyUGFMaBVZIU8C99\nwAxGG95xYovfTfXVngpGGB1A6D7C35hPHP3sPu08EcFE+YE5riAZNZBoqfgFAp0h\nbKRSgWlsg5DajbJhVUqxDHSvs+DLx4qkQgB9cFGuCT4SZrSL5wsLr6HJG2Z+qA4n\nT4pGqVqLXWW+zwSioeAuVzlxK8uI4Vbmlvbtg8nlvU1OQmIFHHOogC8zKgseMBEZ\nZH/0BWeHCEmHU+bWIJEHIcwJTetF5zmWIkAGJY4Bc0eCt8VkCD0sPeika7bcQKn6\n9z+ZWYDtwvI8Dzi7pU4rinr3qC7K9++vOpmzGhPJU6EjCWq2Dz1ZMpO0aoan7D08\nZoEAAAc4oQ0NFqENDRYAAAAHc3NoLXJzYQAAAgEAwI+GpCJWWQyoUjT65L0YYE2G\nFJkOu4p5oZ3O5WqTSP8Sdsjg0JFYBkyzE/fOB+hEhI+kWN1YxCJyiRCngSaGCCTU\nbbqEz6HBKNtOEyEp8LKq+cfly/cW0OqM09ByHJabopI78mg8K6671zaiFDlklJ+s\nZtYtdDtzdxtD48viKrSmJFCtg2E40DzAF7sp1wsB9YJLRzUDO1fjl6n66R19EJBS\n+VAKoGuPXLDe3H4XjWpbHA+V8LGIv8VOC/pU/pHRneVQuV9611rr4TkVL3ruPDGI\nwjiPc39bGSLyDdFGpOT0E5M/KhiTGouOgzP9pqUcP7mglG2Sq/Dc/6rsJudQIh5I\nHyUGFMaBVZIU8C99wAxGG95xYovfTfXVngpGGB1A6D7C35hPHP3sPu08EcFE+YE5\nriAZNZBoqfgFAp0hbKRSgWlsg5DajbJhVUqxDHSvs+DLx4qkQgB9cFGuCT4SZrSL\n5wsLr6HJG2Z+qA4nT4pGqVqLXWW+zwSioeAuVzlxK8uI4Vbmlvbtg8nlvU1OQmIF\nHHOogC8zKgseMBEZZH/0BWeHCEmHU+bWIJEHIcwJTetF5zmWIkAGJY4Bc0eCt8Vk\nCD0sPeika7bcQKn69z+ZWYDtwvI8Dzi7pU4rinr3qC7K9++vOpmzGhPJU6EjCWq2\nDz1ZMpO0aoan7D08ZoEAAAADAQABAAACABIa7JvuJpRE3masWJK9PNeBMoQpR/tW\nL82EWvmzJZoNcZz9kjXKFK6y83uDJzoTGq4kG13Hohr+6in9COLZzmxhmh+fE/G5\n0cGXrSWbTqg1BGJr6y1cVCbchtU7mh8aAhQtD7nhFxc8XKkFmAOyycQ3pywcIzX0\niQy/4Yg/mUpOpfhwJYBe2cqqi50vmeWAQXTmBVHyqBUiVGHkN5VHkoTGLScH4Zfn\nxRkAAFRW/rvrLhnbVUvGRYdSc94ocWlmKIFiGE71rUUmZVtN1LIcKt46AhPQ4ZwI\nc3ZPlNa7wJqsdE6K37uDiAFM8d9gOg87IwbS20hZbRsBkKXxWjbmNOB2iR0e6nbs\nhZfVecKtj5WLHSbR4JTthW1R1yWxj4ISCE63g7EDPuUq3QVZORumullFO2cglaDp\nQLbbguFtGyZmytwcRSb6Va1llI+DwyUAMeHTr5Slz8WNTF7aA8TNTD4CYomFYzWG\nIAYuRpc54rwDLwg/YddVH43fiCBuuC0z9ZJq78egr7cnGUAZe4Xj0iDXfHpwploO\nyAoI/ZLYuBGzO4PNFh/XWLU/gaHDdpo6/VX7uAAr/AXI5xY+RLGB/aLLSKwCItTg\nPfOs62SERqrNjI+V5lhEqlHbEPOpza4D4aklYb3sy7N0NJsjtgEv1iDrcR0q5Bf5\naU3mj8SQWJNhAAABAHv+XTBTbW7S0Sj3PCvyXUUOkv48Bg5/L8OiU2/BOKkTvVyP\nEarJZCIsYYG3k8Uqs+jXZIPL1qkUWsTzdtMkyBWXCiTpg/8qepRjhoBHUn53Q3Vn\nCOjH4L5Vzx892vGxksBRrNk28f8gNNpwMuI+fL89cFLJzqDyLMZY8SAK1QOz/EyD\n5SifV3I1aJfkL0GafimO13YieBN+E2jOVPDyFS6xrFM4+IqKJCP4zP1ecvaEwaQJ\ny9pAECf7PRP50gw7utrLFaYVn76axn7nQKW6XcxtpfH+OcsyUnjHkmT5IKnxrTlT\nbPHKT79ACkTgIsUPUbHOlepoc/VOrFb+BdLga3kAAAEBANE6I1sNOi8lwMb07BCD\neqKtA//2HjgZMWxGAZ40rWceCFy9l1+pT6jkPk5fTlvnL/n/euvueaibjYJrskQv\n8rLYFvw3XUUyYO98xpC0frhkoDt20eyB9JbOyKOg1WdpLwsV48SGG7ZwAfLQKqVS\nnDRr79y20co8nLX6K32FVL+osgIpIU69eoNJXgvw6a6N44oBTxFmrYpuza0SFGdB\npCBX0b518jG5E81bQpXeajKBfdMOQIc2ANY5WGKUd0suespMSs+VZZRxHHz4lgLD\nAC6T34UUH+rebGHX9Ja63ccWm2xOgqd2ar0HwbHh2z+J6fyIOBV3k/L+1GxchNvz\no2UAAAEBAOublUE5LA+7yNivgYgoluUKbj1lIayqUxMjcoPysFwiWEmd5Xi2vDnF\nGzL+IQuL0bA+69R/wYTbUKFl7OOt8dgqnKYnox4t9fPq6PLgMDQnwzuVQdYegbcK\ny6RN5UY1FiaSWbEtzAhdfZAQ+Nx+X9Van6IjCR3BuAlxtSqMmJ0QanoZGaqg7ve8\nxn2Tzb989QDXGlx9s4Va4sOZc2TsVyCpHvIwX2Z4D7t3/UKvK1xk9TElIGySaNUI\naZJVz8DfTFBywLfWM1nQ7ziZPdG2IkOmSpp4vzzEpVuM6gRon1fpe3mpmtEA4dA0\nDiuEDrKOX21uCyt8IYPS8ha8RriQeu0AAAAAAQID\n-----END OPENSSH PRIVATE KEY-----\n",
            "content_base64": null,
            "directory_permission": "0700",
            "file_permission": "0700",
            "filename": "./id_rsa",
            "id": "c16f4cf17cff9bd8d03546e432f706b615932e07",
            "source": null
          },
          "sensitive_attributes": [
            [
              {
                "type": "get_attr",
                "value": "content"
              }
            ]
          ],
          "private": "bnVsbA==",
          "dependencies": [
            "tls_private_key.ec2_key"
          ]
        }
      ]
    },
    {
      "mode": "managed",
      "type": "tls_private_key",
      "name": "ec2_key",
      "provider": "provider[\"registry.terraform.io/hashicorp/tls\"]",
      "instances": [
        {
          "schema_version": 0,
          "attributes": {
            "algorithm": "RSA",
            "ecdsa_curve": "P224",
            "id": "57b8de9207f356c204e7c59334371064f4c03931",
            "private_key_openssh": "-----BEGIN OPENSSH PRIVATE KEY-----\nb3BlbnNzaC1rZXktdjEAAAAABG5vbmUAAAAEbm9uZQAAAAAAAAABAAACFwAAAAdz\nc2gtcnNhAAAAAwEAAQAAAgEAwI+GpCJWWQyoUjT65L0YYE2GFJkOu4p5oZ3O5WqT\nSP8Sdsjg0JFYBkyzE/fOB+hEhI+kWN1YxCJyiRCngSaGCCTUbbqEz6HBKNtOEyEp\n8LKq+cfly/cW0OqM09ByHJabopI78mg8K6671zaiFDlklJ+sZtYtdDtzdxtD48vi\nKrSmJFCtg2E40DzAF7sp1wsB9YJLRzUDO1fjl6n66R19EJBS+VAKoGuPXLDe3H4X\njWpbHA+V8LGIv8VOC/pU/pHRneVQuV9611rr4TkVL3ruPDGIwjiPc39bGSLyDdFG\npOT0E5M/KhiTGouOgzP9pqUcP7mglG2Sq/Dc/6rsJudQIh5IHyUGFMaBVZIU8C99\nwAxGG95xYovfTfXVngpGGB1A6D7C35hPHP3sPu08EcFE+YE5riAZNZBoqfgFAp0h\nbKRSgWlsg5DajbJhVUqxDHSvs+DLx4qkQgB9cFGuCT4SZrSL5wsLr6HJG2Z+qA4n\nT4pGqVqLXWW+zwSioeAuVzlxK8uI4Vbmlvbtg8nlvU1OQmIFHHOogC8zKgseMBEZ\nZH/0BWeHCEmHU+bWIJEHIcwJTetF5zmWIkAGJY4Bc0eCt8VkCD0sPeika7bcQKn6\n9z+ZWYDtwvI8Dzi7pU4rinr3qC7K9++vOpmzGhPJU6EjCWq2Dz1ZMpO0aoan7D08\nZoEAAAc4oQ0NFqENDRYAAAAHc3NoLXJzYQAAAgEAwI+GpCJWWQyoUjT65L0YYE2G\nFJkOu4p5oZ3O5WqTSP8Sdsjg0JFYBkyzE/fOB+hEhI+kWN1YxCJyiRCngSaGCCTU\nbbqEz6HBKNtOEyEp8LKq+cfly/cW0OqM09ByHJabopI78mg8K6671zaiFDlklJ+s\nZtYtdDtzdxtD48viKrSmJFCtg2E40DzAF7sp1wsB9YJLRzUDO1fjl6n66R19EJBS\n+VAKoGuPXLDe3H4XjWpbHA+V8LGIv8VOC/pU/pHRneVQuV9611rr4TkVL3ruPDGI\nwjiPc39bGSLyDdFGpOT0E5M/KhiTGouOgzP9pqUcP7mglG2Sq/Dc/6rsJudQIh5I\nHyUGFMaBVZIU8C99wAxGG95xYovfTfXVngpGGB1A6D7C35hPHP3sPu08EcFE+YE5\nriAZNZBoqfgFAp0hbKRSgWlsg5DajbJhVUqxDHSvs+DLx4qkQgB9cFGuCT4SZrSL\n5wsLr6HJG2Z+qA4nT4pGqVqLXWW+zwSioeAuVzlxK8uI4Vbmlvbtg8nlvU1OQmIF\nHHOogC8zKgseMBEZZH/0BWeHCEmHU+bWIJEHIcwJTetF5zmWIkAGJY4Bc0eCt8Vk\nCD0sPeika7bcQKn69z+ZWYDtwvI8Dzi7pU4rinr3qC7K9++vOpmzGhPJU6EjCWq2\nDz1ZMpO0aoan7D08ZoEAAAADAQABAAACABIa7JvuJpRE3masWJK9PNeBMoQpR/tW\nL82EWvmzJZoNcZz9kjXKFK6y83uDJzoTGq4kG13Hohr+6in9COLZzmxhmh+fE/G5\n0cGXrSWbTqg1BGJr6y1cVCbchtU7mh8aAhQtD7nhFxc8XKkFmAOyycQ3pywcIzX0\niQy/4Yg/mUpOpfhwJYBe2cqqi50vmeWAQXTmBVHyqBUiVGHkN5VHkoTGLScH4Zfn\nxRkAAFRW/rvrLhnbVUvGRYdSc94ocWlmKIFiGE71rUUmZVtN1LIcKt46AhPQ4ZwI\nc3ZPlNa7wJqsdE6K37uDiAFM8d9gOg87IwbS20hZbRsBkKXxWjbmNOB2iR0e6nbs\nhZfVecKtj5WLHSbR4JTthW1R1yWxj4ISCE63g7EDPuUq3QVZORumullFO2cglaDp\nQLbbguFtGyZmytwcRSb6Va1llI+DwyUAMeHTr5Slz8WNTF7aA8TNTD4CYomFYzWG\nIAYuRpc54rwDLwg/YddVH43fiCBuuC0z9ZJq78egr7cnGUAZe4Xj0iDXfHpwploO\nyAoI/ZLYuBGzO4PNFh/XWLU/gaHDdpo6/VX7uAAr/AXI5xY+RLGB/aLLSKwCItTg\nPfOs62SERqrNjI+V5lhEqlHbEPOpza4D4aklYb3sy7N0NJsjtgEv1iDrcR0q5Bf5\naU3mj8SQWJNhAAABAHv+XTBTbW7S0Sj3PCvyXUUOkv48Bg5/L8OiU2/BOKkTvVyP\nEarJZCIsYYG3k8Uqs+jXZIPL1qkUWsTzdtMkyBWXCiTpg/8qepRjhoBHUn53Q3Vn\nCOjH4L5Vzx892vGxksBRrNk28f8gNNpwMuI+fL89cFLJzqDyLMZY8SAK1QOz/EyD\n5SifV3I1aJfkL0GafimO13YieBN+E2jOVPDyFS6xrFM4+IqKJCP4zP1ecvaEwaQJ\ny9pAECf7PRP50gw7utrLFaYVn76axn7nQKW6XcxtpfH+OcsyUnjHkmT5IKnxrTlT\nbPHKT79ACkTgIsUPUbHOlepoc/VOrFb+BdLga3kAAAEBANE6I1sNOi8lwMb07BCD\neqKtA//2HjgZMWxGAZ40rWceCFy9l1+pT6jkPk5fTlvnL/n/euvueaibjYJrskQv\n8rLYFvw3XUUyYO98xpC0frhkoDt20eyB9JbOyKOg1WdpLwsV48SGG7ZwAfLQKqVS\nnDRr79y20co8nLX6K32FVL+osgIpIU69eoNJXgvw6a6N44oBTxFmrYpuza0SFGdB\npCBX0b518jG5E81bQpXeajKBfdMOQIc2ANY5WGKUd0suespMSs+VZZRxHHz4lgLD\nAC6T34UUH+rebGHX9Ja63ccWm2xOgqd2ar0HwbHh2z+J6fyIOBV3k/L+1GxchNvz\no2UAAAEBAOublUE5LA+7yNivgYgoluUKbj1lIayqUxMjcoPysFwiWEmd5Xi2vDnF\nGzL+IQuL0bA+69R/wYTbUKFl7OOt8dgqnKYnox4t9fPq6PLgMDQnwzuVQdYegbcK\ny6RN5UY1FiaSWbEtzAhdfZAQ+Nx+X9Van6IjCR3BuAlxtSqMmJ0QanoZGaqg7ve8\nxn2Tzb989QDXGlx9s4Va4sOZc2TsVyCpHvIwX2Z4D7t3/UKvK1xk9TElIGySaNUI\naZJVz8DfTFBywLfWM1nQ7ziZPdG2IkOmSpp4vzzEpVuM6gRon1fpe3mpmtEA4dA0\nDiuEDrKOX21uCyt8IYPS8ha8RriQeu0AAAAAAQID\n-----END OPENSSH PRIVATE KEY-----\n",
            "private_key_pem": "-----BEGIN RSA PRIVATE KEY-----\nMIIJJwIBAAKCAgEAwI+GpCJWWQyoUjT65L0YYE2GFJkOu4p5oZ3O5WqTSP8Sdsjg\n0JFYBkyzE/fOB+hEhI+kWN1YxCJyiRCngSaGCCTUbbqEz6HBKNtOEyEp8LKq+cfl\ny/cW0OqM09ByHJabopI78mg8K6671zaiFDlklJ+sZtYtdDtzdxtD48viKrSmJFCt\ng2E40DzAF7sp1wsB9YJLRzUDO1fjl6n66R19EJBS+VAKoGuPXLDe3H4XjWpbHA+V\n8LGIv8VOC/pU/pHRneVQuV9611rr4TkVL3ruPDGIwjiPc39bGSLyDdFGpOT0E5M/\nKhiTGouOgzP9pqUcP7mglG2Sq/Dc/6rsJudQIh5IHyUGFMaBVZIU8C99wAxGG95x\nYovfTfXVngpGGB1A6D7C35hPHP3sPu08EcFE+YE5riAZNZBoqfgFAp0hbKRSgWls\ng5DajbJhVUqxDHSvs+DLx4qkQgB9cFGuCT4SZrSL5wsLr6HJG2Z+qA4nT4pGqVqL\nXWW+zwSioeAuVzlxK8uI4Vbmlvbtg8nlvU1OQmIFHHOogC8zKgseMBEZZH/0BWeH\nCEmHU+bWIJEHIcwJTetF5zmWIkAGJY4Bc0eCt8VkCD0sPeika7bcQKn69z+ZWYDt\nwvI8Dzi7pU4rinr3qC7K9++vOpmzGhPJU6EjCWq2Dz1ZMpO0aoan7D08ZoECAwEA\nAQKCAgASGuyb7iaURN5mrFiSvTzXgTKEKUf7Vi/NhFr5syWaDXGc/ZI1yhSusvN7\ngyc6ExquJBtdx6Ia/uop/Qji2c5sYZofnxPxudHBl60lm06oNQRia+stXFQm3IbV\nO5ofGgIULQ+54RcXPFypBZgDssnEN6csHCM19IkMv+GIP5lKTqX4cCWAXtnKqoud\nL5nlgEF05gVR8qgVIlRh5DeVR5KExi0nB+GX58UZAABUVv676y4Z21VLxkWHUnPe\nKHFpZiiBYhhO9a1FJmVbTdSyHCreOgIT0OGcCHN2T5TWu8CarHROit+7g4gBTPHf\nYDoPOyMG0ttIWW0bAZCl8Vo25jTgdokdHup27IWX1XnCrY+Vix0m0eCU7YVtUdcl\nsY+CEghOt4OxAz7lKt0FWTkbprpZRTtnIJWg6UC224LhbRsmZsrcHEUm+lWtZZSP\ng8MlADHh06+Upc/FjUxe2gPEzUw+AmKJhWM1hiAGLkaXOeK8Ay8IP2HXVR+N34gg\nbrgtM/WSau/HoK+3JxlAGXuF49Ig13x6cKZaDsgKCP2S2LgRszuDzRYf11i1P4Gh\nw3aaOv1V+7gAK/wFyOcWPkSxgf2iy0isAiLU4D3zrOtkhEaqzYyPleZYRKpR2xDz\nqc2uA+GpJWG97MuzdDSbI7YBL9Yg63EdKuQX+WlN5o/EkFiTYQKCAQEA0TojWw06\nLyXAxvTsEIN6oq0D//YeOBkxbEYBnjStZx4IXL2XX6lPqOQ+Tl9OW+cv+f966+55\nqJuNgmuyRC/ystgW/DddRTJg73zGkLR+uGSgO3bR7IH0ls7Io6DVZ2kvCxXjxIYb\ntnAB8tAqpVKcNGvv3LbRyjyctforfYVUv6iyAikhTr16g0leC/Dpro3jigFPEWat\nim7NrRIUZ0GkIFfRvnXyMbkTzVtCld5qMoF90w5AhzYA1jlYYpR3Sy56ykxKz5Vl\nlHEcfPiWAsMALpPfhRQf6t5sYdf0lrrdxxabbE6Cp3ZqvQfBseHbP4np/Ig4FXeT\n8v7UbFyE2/OjZQKCAQEA65uVQTksD7vI2K+BiCiW5QpuPWUhrKpTEyNyg/KwXCJY\nSZ3leLa8OcUbMv4hC4vRsD7r1H/BhNtQoWXs463x2CqcpiejHi318+ro8uAwNCfD\nO5VB1h6BtwrLpE3lRjUWJpJZsS3MCF19kBD43H5f1VqfoiMJHcG4CXG1KoyYnRBq\nehkZqqDu97zGfZPNv3z1ANcaXH2zhVriw5lzZOxXIKke8jBfZngPu3f9Qq8rXGT1\nMSUgbJJo1QhpklXPwN9MUHLAt9YzWdDvOJk90bYiQ6ZKmni/PMSlW4zqBGifV+l7\neama0QDh0DQOK4QOso5fbW4LK3whg9LyFrxGuJB67QKCAQB8kKqACQ39B/MQAL2S\nz1RyCaP5/iPbrlQYbE2GTUJ3xA+id1XqJDlDCjB2JJPYb3nG023xjVdtJL9JSKkn\no4xRIgn9O1ESY34G1zi46l0Plwk2nfU5Y92k85PMp3KmUJ8rcGrclCNnqKPgVkMt\njlNlemWh+E5Ko2+BgGHoJztfqCXi1233HSQVidauMU5PGDbB8SmL6J+lbXaSddMj\n7payktZTGJGLPO8nMhAgffyn+SRaRX/xgBtbb2TJvC6R2ihMzMM1d3K0v+sAFFfr\naQFwuaU369Vc1fOdBR+fpb1oTHNYNh3facb+p+GP8DHCUG+4Y7lQPpMc9s6tfR+0\nfAdpAoIBABg82y/oh8XelZzlAThWpJ9PYWPjgYFXzFANt3wnfUkdJ2P7YF34voha\n5J9sUU30xk+RSYWE1w2p2jOgXqxVeqm4SIE3VqqGI+VB51EFCzByXr1Eb49td/6y\nl5yBfvKoB21UZPG7OmAp7f7iIBfe0FEMj5uIaymqghpGnlKQQCr4Q1voNSG+iJbn\nzqughuwKGNJLTqTxMYSogueIY7ygK55qh4p2u3m5JDUu9NjlWFqa8DZsEVfZ//ra\ncLHjLgozbpBgHb9Lw+Cbg+CYsyldyUyYUNhvT40a1cADURe/A5VxqYgskIarxo86\nq7KCVVi9GMgTKAcDMBd1nf4ExGm8Q0kCggEAe/5dMFNtbtLRKPc8K/JdRQ6S/jwG\nDn8vw6JTb8E4qRO9XI8RqslkIixhgbeTxSqz6Ndkg8vWqRRaxPN20yTIFZcKJOmD\n/yp6lGOGgEdSfndDdWcI6MfgvlXPHz3a8bGSwFGs2Tbx/yA02nAy4j58vz1wUsnO\noPIsxljxIArVA7P8TIPlKJ9XcjVol+QvQZp+KY7XdiJ4E34TaM5U8PIVLrGsUzj4\niookI/jM/V5y9oTBpAnL2kAQJ/s9E/nSDDu62ssVphWfvprGfudApbpdzG2l8f45\nyzJSeMeSZPkgqfGtOVNs8cpPv0AKROAixQ9Rsc6V6mhz9U6sVv4F0uBreQ==\n-----END RSA PRIVATE KEY-----\n",
            "public_key_fingerprint_md5": "e1:7d:f8:e8:44:c1:8a:2f:10:7c:f1:52:55:49:6f:8a",
            "public_key_fingerprint_sha256": "SHA256:ZkWMStF8FaPee0hn3BckXhXGUVDoqwG1dZquIdz207U",
            "public_key_openssh": "ssh-rsa AAAAB3NzaC1yc2EAAAADAQABAAACAQDAj4akIlZZDKhSNPrkvRhgTYYUmQ67inmhnc7lapNI/xJ2yODQkVgGTLMT984H6ESEj6RY3VjEInKJEKeBJoYIJNRtuoTPocEo204TISnwsqr5x+XL9xbQ6ozT0HIclpuikjvyaDwrrrvXNqIUOWSUn6xm1i10O3N3G0Pjy+IqtKYkUK2DYTjQPMAXuynXCwH1gktHNQM7V+OXqfrpHX0QkFL5UAqga49csN7cfheNalscD5XwsYi/xU4L+lT+kdGd5VC5X3rXWuvhORUveu48MYjCOI9zf1sZIvIN0Uak5PQTkz8qGJMai46DM/2mpRw/uaCUbZKr8Nz/quwm51AiHkgfJQYUxoFVkhTwL33ADEYb3nFii99N9dWeCkYYHUDoPsLfmE8c/ew+7TwRwUT5gTmuIBk1kGip+AUCnSFspFKBaWyDkNqNsmFVSrEMdK+z4MvHiqRCAH1wUa4JPhJmtIvnCwuvockbZn6oDidPikapWotdZb7PBKKh4C5XOXEry4jhVuaW9u2DyeW9TU5CYgUcc6iALzMqCx4wERlkf/QFZ4cISYdT5tYgkQchzAlN60XnOZYiQAYljgFzR4K3xWQIPSw96KRrttxAqfr3P5lZgO3C8jwPOLulTiuKeveoLsr37686mbMaE8lToSMJarYPPVkyk7RqhqfsPTxmgQ==\n",
            "public_key_pem": "-----BEGIN PUBLIC KEY-----\nMIICIjANBgkqhkiG9w0BAQEFAAOCAg8AMIICCgKCAgEAwI+GpCJWWQyoUjT65L0Y\nYE2GFJkOu4p5oZ3O5WqTSP8Sdsjg0JFYBkyzE/fOB+hEhI+kWN1YxCJyiRCngSaG\nCCTUbbqEz6HBKNtOEyEp8LKq+cfly/cW0OqM09ByHJabopI78mg8K6671zaiFDlk\nlJ+sZtYtdDtzdxtD48viKrSmJFCtg2E40DzAF7sp1wsB9YJLRzUDO1fjl6n66R19\nEJBS+VAKoGuPXLDe3H4XjWpbHA+V8LGIv8VOC/pU/pHRneVQuV9611rr4TkVL3ru\nPDGIwjiPc39bGSLyDdFGpOT0E5M/KhiTGouOgzP9pqUcP7mglG2Sq/Dc/6rsJudQ\nIh5IHyUGFMaBVZIU8C99wAxGG95xYovfTfXVngpGGB1A6D7C35hPHP3sPu08EcFE\n+YE5riAZNZBoqfgFAp0hbKRSgWlsg5DajbJhVUqxDHSvs+DLx4qkQgB9cFGuCT4S\nZrSL5wsLr6HJG2Z+qA4nT4pGqVqLXWW+zwSioeAuVzlxK8uI4Vbmlvbtg8nlvU1O\nQmIFHHOogC8zKgseMBEZZH/0BWeHCEmHU+bWIJEHIcwJTetF5zmWIkAGJY4Bc0eC\nt8VkCD0sPeika7bcQKn69z+ZWYDtwvI8Dzi7pU4rinr3qC7K9++vOpmzGhPJU6Ej\nCWq2Dz1ZMpO0aoan7D08ZoECAwEAAQ==\n-----END PUBLIC KEY-----\n",
            "rsa_bits": 4096
          },
          "sensitive_attributes": [],
          "private": "bnVsbA=="
        }
      ]
    }
  ]
}
