{
  "version": 4,
  "terraform_version": "1.1.9",
  "serial": 253,
  "lineage": "66ab13ee-cd32-9ee1-e991-8a63a1afdd72",
  "outputs": {
    "instance_ip_addr": {
      "value": "3.144.125.16",
      "type": "string"
    }
  },
  "resources": [
    {
      "mode": "data",
      "type": "aws_ami",
      "name": "amzn2",
      "provider": "provider[\"registry.terraform.io/hashicorp/aws\"]",
      "instances": [
        {
          "schema_version": 0,
          "attributes": {
            "architecture": "x86_64",
            "arn": "arn:aws:ec2:us-east-2::image/ami-0362cad57536c387f",
            "block_device_mappings": [
              {
                "device_name": "/dev/xvda",
                "ebs": {
                  "delete_on_termination": "true",
                  "encrypted": "false",
                  "iops": "0",
                  "snapshot_id": "snap-072dd730a2a22cb22",
                  "throughput": "0",
                  "volume_size": "8",
                  "volume_type": "standard"
                },
                "no_device": "",
                "virtual_name": ""
              }
            ],
            "boot_mode": "",
            "creation_date": "2022-04-28T21:37:09.000Z",
            "deprecation_time": "2024-04-28T21:37:09.000Z",
            "description": "Amazon Linux 2 AMI 2.0.20220426.0 x86_64 HVM ebs",
            "ena_support": true,
            "executable_users": null,
            "filter": [
              {
                "name": "name",
                "values": [
                  "amzn2-ami-hvm-*-x86_64-ebs"
                ]
              }
            ],
            "hypervisor": "xen",
            "id": "ami-0362cad57536c387f",
            "image_id": "ami-0362cad57536c387f",
            "image_location": "amazon/amzn2-ami-hvm-2.0.20220426.0-x86_64-ebs",
            "image_owner_alias": "amazon",
            "image_type": "machine",
            "kernel_id": "",
            "most_recent": true,
            "name": "amzn2-ami-hvm-2.0.20220426.0-x86_64-ebs",
            "name_regex": null,
            "owner_id": "137112412989",
            "owners": [
              "amazon"
            ],
            "platform": "",
            "platform_details": "Linux/UNIX",
            "product_codes": [],
            "public": true,
            "ramdisk_id": "",
            "root_device_name": "/dev/xvda",
            "root_device_type": "ebs",
            "root_snapshot_id": "snap-072dd730a2a22cb22",
            "sriov_net_support": "simple",
            "state": "available",
            "state_reason": {
              "code": "UNSET",
              "message": "UNSET"
            },
            "tags": {},
            "usage_operation": "RunInstances",
            "virtualization_type": "hvm"
          },
          "sensitive_attributes": []
        }
      ]
    },
    {
      "mode": "managed",
      "type": "aws_instance",
      "name": "my_instance",
      "provider": "provider[\"registry.terraform.io/hashicorp/aws\"]",
      "instances": [
        {
          "schema_version": 1,
          "attributes": {
            "ami": "ami-0362cad57536c387f",
            "arn": "arn:aws:ec2:us-east-2:388565714261:instance/i-00eadaa0dc766b359",
            "associate_public_ip_address": true,
            "availability_zone": "us-east-2c",
            "capacity_reservation_specification": [
              {
                "capacity_reservation_preference": "open",
                "capacity_reservation_target": []
              }
            ],
            "cpu_core_count": 1,
            "cpu_threads_per_core": 1,
            "credit_specification": [
              {
                "cpu_credits": "standard"
              }
            ],
            "disable_api_termination": false,
            "ebs_block_device": [],
            "ebs_optimized": false,
            "enclave_options": [
              {
                "enabled": false
              }
            ],
            "ephemeral_block_device": [],
            "get_password_data": false,
            "hibernation": false,
            "host_id": null,
            "iam_instance_profile": "",
            "id": "i-00eadaa0dc766b359",
            "instance_initiated_shutdown_behavior": "stop",
            "instance_state": "running",
            "instance_type": "t2.micro",
            "ipv6_address_count": 0,
            "ipv6_addresses": [],
            "key_name": "my_ec2_key",
            "launch_template": [],
            "maintenance_options": [
              {
                "auto_recovery": "default"
              }
            ],
            "metadata_options": [
              {
                "http_endpoint": "enabled",
                "http_put_response_hop_limit": 1,
                "http_tokens": "optional",
                "instance_metadata_tags": "disabled"
              }
            ],
            "monitoring": false,
            "network_interface": [],
            "outpost_arn": "",
            "password_data": "",
            "placement_group": "",
            "placement_partition_number": null,
            "primary_network_interface_id": "eni-0ceec7b9be8a928de",
            "private_dns": "ip-172-30-148-55.us-east-2.compute.internal",
            "private_ip": "172.30.148.55",
            "public_dns": "ec2-3-144-125-16.us-east-2.compute.amazonaws.com",
            "public_ip": "3.144.125.16",
            "root_block_device": [
              {
                "delete_on_termination": true,
                "device_name": "/dev/xvda",
                "encrypted": false,
                "iops": 0,
                "kms_key_id": "",
                "tags": {},
                "throughput": 0,
                "volume_id": "vol-08f064d9f60f3bab3",
                "volume_size": 8,
                "volume_type": "standard"
              }
            ],
            "secondary_private_ips": [],
            "security_groups": [
              "sg-0aa0793f7d6849eae"
            ],
            "source_dest_check": true,
            "subnet_id": "subnet-0960c0a461596397f",
            "tags": {
              "Name": "HelloTerraform"
            },
            "tags_all": {
              "Name": "HelloTerraform"
            },
            "tenancy": "default",
            "timeouts": null,
            "user_data": null,
            "user_data_base64": null,
            "user_data_replace_on_change": false,
            "volume_tags": null,
            "vpc_security_group_ids": [
              "sg-0aa0793f7d6849eae"
            ]
          },
          "sensitive_attributes": [],
          "private": "eyJlMmJmYjczMC1lY2FhLTExZTYtOGY4OC0zNDM2M2JjN2M0YzAiOnsiY3JlYXRlIjo2MDAwMDAwMDAwMDAsImRlbGV0ZSI6MTIwMDAwMDAwMDAwMCwidXBkYXRlIjo2MDAwMDAwMDAwMDB9LCJzY2hlbWFfdmVyc2lvbiI6IjEifQ==",
          "dependencies": [
            "aws_key_pair.ec2_key_pair",
            "aws_security_group.ec2_sg",
            "aws_subnet.subnet_1",
            "aws_vpc.my_vpc",
            "data.aws_ami.amzn2"
          ]
        }
      ]
    },
    {
      "mode": "managed",
      "type": "aws_internet_gateway",
      "name": "igw",
      "provider": "provider[\"registry.terraform.io/hashicorp/aws\"]",
      "instances": [
        {
          "schema_version": 0,
          "attributes": {
            "arn": "arn:aws:ec2:us-east-2:388565714261:internet-gateway/igw-0eff04439dd5e47c0",
            "id": "igw-0eff04439dd5e47c0",
            "owner_id": "388565714261",
            "tags": {},
            "tags_all": {},
            "vpc_id": "vpc-0a29ed2867294e5aa"
          },
          "sensitive_attributes": [],
          "private": "bnVsbA==",
          "dependencies": [
            "aws_vpc.my_vpc"
          ]
        }
      ]
    },
    {
      "mode": "managed",
      "type": "aws_key_pair",
      "name": "ec2_key_pair",
      "provider": "provider[\"registry.terraform.io/hashicorp/aws\"]",
      "instances": [
        {
          "schema_version": 1,
          "attributes": {
            "arn": "arn:aws:ec2:us-east-2:388565714261:key-pair/my_ec2_key",
            "fingerprint": "2f:26:ee:c7:e2:70:64:dd:0d:ef:14:b3:dc:cb:4b:ed",
            "id": "my_ec2_key",
            "key_name": "my_ec2_key",
            "key_name_prefix": "",
            "key_pair_id": "key-00a01e0fa287a5a43",
            "public_key": "ssh-rsa AAAAB3NzaC1yc2EAAAADAQABAAACAQC1z9KFBdxv7v0oMsfCbjTK5RJrzurt5niNmmCbIwy4Ff3jVN2lcI8Ups7CC3Otd1x+rLTtG/1ZB1CxMSQyCJ35ubJwuAWEBF97GE6jHDF5dFT3QuGtkOfn/g1F7Tczl3N+jA0uMoXw4bb4hTmRX+TlJm+aLLrIezkTtxSfh4gdvcf+c2Tvf+F5/GH0rLhJpxBW3ACpJPduvirdfXy9KfaTp52cHDRp1+l1gfK8arzEyKZCl5wUzJ2//qherkqx95NzFkHQPJczcBcbRxhR5okvC6NBpVPanPmpX7tdtAUirMYM2nsG4ZqWG+sK8Pjd/gkOp1dGwASMc35OYfyauH9naIpRPDdP8OHesvn1wWFbSuGE1KPeHw/Qead3xCFbACeHlc6J3pozuyWEkJLqfrBHfSlC8to4PJLrU3YAWDtbxwi1lCjod1aEEJiufZx+hRO2Fon1Ads5NqVtOPzEj5BK607J6G0boyTb6JqFZp28vKyY8Y6c/gQe1ewGIM67M4W5SepTv9OgONEmF/GzKSZD735nDg3lZ04cvIGlpyYAQmtfZF5h9r8tX8ADv2d2MJ/2GpFvVss+WxUnc7VlNcHYMaxiPBINS2O77va7l3SXTdFX0xlIqf0Pgh/N74/P1KgaDr2UX7rNFQclNU8UziJ2BwAYEc5ErzJr0dEcJYDolQ==",
            "tags": {},
            "tags_all": {}
          },
          "sensitive_attributes": [],
          "private": "eyJzY2hlbWFfdmVyc2lvbiI6IjEifQ==",
          "dependencies": [
            "tls_private_key.ec2_key"
          ]
        }
      ]
    },
    {
      "mode": "managed",
      "type": "aws_route_table",
      "name": "public_route_table",
      "provider": "provider[\"registry.terraform.io/hashicorp/aws\"]",
      "instances": [
        {
          "schema_version": 0,
          "attributes": {
            "arn": "arn:aws:ec2:us-east-2:388565714261:route-table/rtb-0d5ed632fd901bc5c",
            "id": "rtb-0d5ed632fd901bc5c",
            "owner_id": "388565714261",
            "propagating_vgws": [],
            "route": [
              {
                "carrier_gateway_id": "",
                "cidr_block": "0.0.0.0/0",
                "core_network_arn": "",
                "destination_prefix_list_id": "",
                "egress_only_gateway_id": "",
                "gateway_id": "igw-0eff04439dd5e47c0",
                "instance_id": "",
                "ipv6_cidr_block": "",
                "local_gateway_id": "",
                "nat_gateway_id": "",
                "network_interface_id": "",
                "transit_gateway_id": "",
                "vpc_endpoint_id": "",
                "vpc_peering_connection_id": ""
              }
            ],
            "tags": {},
            "tags_all": {},
            "timeouts": null,
            "vpc_id": "vpc-0a29ed2867294e5aa"
          },
          "sensitive_attributes": [],
          "private": "eyJlMmJmYjczMC1lY2FhLTExZTYtOGY4OC0zNDM2M2JjN2M0YzAiOnsiY3JlYXRlIjozMDAwMDAwMDAwMDAsImRlbGV0ZSI6MzAwMDAwMDAwMDAwLCJ1cGRhdGUiOjEyMDAwMDAwMDAwMH19",
          "dependencies": [
            "aws_internet_gateway.igw",
            "aws_vpc.my_vpc"
          ]
        }
      ]
    },
    {
      "mode": "managed",
      "type": "aws_route_table_association",
      "name": "rt_associate_subnet",
      "provider": "provider[\"registry.terraform.io/hashicorp/aws\"]",
      "instances": [
        {
          "schema_version": 0,
          "attributes": {
            "gateway_id": "",
            "id": "rtbassoc-0ad64a6f98af107c1",
            "route_table_id": "rtb-0d5ed632fd901bc5c",
            "subnet_id": "subnet-0960c0a461596397f"
          },
          "sensitive_attributes": [],
          "private": "bnVsbA==",
          "dependencies": [
            "aws_route_table.public_route_table",
            "aws_subnet.subnet_1"
          ]
        }
      ]
    },
    {
      "mode": "managed",
      "type": "aws_security_group",
      "name": "ec2_sg",
      "provider": "provider[\"registry.terraform.io/hashicorp/aws\"]",
      "instances": [
        {
          "schema_version": 1,
          "attributes": {
            "arn": "arn:aws:ec2:us-east-2:388565714261:security-group/sg-0aa0793f7d6849eae",
            "description": "Security group to allow SSH from anwwhere",
            "egress": [
              {
                "cidr_blocks": [
                  "0.0.0.0/0"
                ],
                "description": "",
                "from_port": 0,
                "ipv6_cidr_blocks": [
                  "::/0"
                ],
                "prefix_list_ids": [],
                "protocol": "-1",
                "security_groups": [],
                "self": false,
                "to_port": 0
              }
            ],
            "id": "sg-0aa0793f7d6849eae",
            "ingress": [
              {
                "cidr_blocks": [
                  "0.0.0.0/0"
                ],
                "description": null,
                "from_port": 22,
                "ipv6_cidr_blocks": [
                  "::/0"
                ],
                "prefix_list_ids": [],
                "protocol": "tcp",
                "security_groups": [],
                "self": false,
                "to_port": 22
              }
            ],
            "name": "my_ec2_sg",
            "name_prefix": "",
            "owner_id": "388565714261",
            "revoke_rules_on_delete": false,
            "tags": {
              "Name": "ssh-sg"
            },
            "tags_all": {
              "Name": "ssh-sg"
            },
            "timeouts": null,
            "vpc_id": "vpc-0a29ed2867294e5aa"
          },
          "sensitive_attributes": [],
          "private": "eyJlMmJmYjczMC1lY2FhLTExZTYtOGY4OC0zNDM2M2JjN2M0YzAiOnsiY3JlYXRlIjo2MDAwMDAwMDAwMDAsImRlbGV0ZSI6OTAwMDAwMDAwMDAwfSwic2NoZW1hX3ZlcnNpb24iOiIxIn0=",
          "dependencies": [
            "aws_vpc.my_vpc"
          ]
        }
      ]
    },
    {
      "mode": "managed",
      "type": "aws_subnet",
      "name": "subnet_1",
      "provider": "provider[\"registry.terraform.io/hashicorp/aws\"]",
      "instances": [
        {
          "schema_version": 1,
          "attributes": {
            "arn": "arn:aws:ec2:us-east-2:388565714261:subnet/subnet-0960c0a461596397f",
            "assign_ipv6_address_on_creation": false,
            "availability_zone": "us-east-2c",
            "availability_zone_id": "use2-az3",
            "cidr_block": "172.30.0.0/16",
            "customer_owned_ipv4_pool": "",
            "enable_dns64": false,
            "enable_resource_name_dns_a_record_on_launch": false,
            "enable_resource_name_dns_aaaa_record_on_launch": false,
            "id": "subnet-0960c0a461596397f",
            "ipv6_cidr_block": "",
            "ipv6_cidr_block_association_id": "",
            "ipv6_native": false,
            "map_customer_owned_ip_on_launch": false,
            "map_public_ip_on_launch": true,
            "outpost_arn": "",
            "owner_id": "388565714261",
            "private_dns_hostname_type_on_launch": "ip-name",
            "tags": {},
            "tags_all": {},
            "timeouts": null,
            "vpc_id": "vpc-0a29ed2867294e5aa"
          },
          "sensitive_attributes": [],
          "private": "eyJlMmJmYjczMC1lY2FhLTExZTYtOGY4OC0zNDM2M2JjN2M0YzAiOnsiY3JlYXRlIjo2MDAwMDAwMDAwMDAsImRlbGV0ZSI6MTIwMDAwMDAwMDAwMH0sInNjaGVtYV92ZXJzaW9uIjoiMSJ9",
          "dependencies": [
            "aws_vpc.my_vpc"
          ]
        }
      ]
    },
    {
      "mode": "managed",
      "type": "aws_vpc",
      "name": "my_vpc",
      "provider": "provider[\"registry.terraform.io/hashicorp/aws\"]",
      "instances": [
        {
          "schema_version": 1,
          "attributes": {
            "arn": "arn:aws:ec2:us-east-2:388565714261:vpc/vpc-0a29ed2867294e5aa",
            "assign_generated_ipv6_cidr_block": false,
            "cidr_block": "172.30.0.0/16",
            "default_network_acl_id": "acl-0ce10eb1ed4186e47",
            "default_route_table_id": "rtb-0383b6411d661d79d",
            "default_security_group_id": "sg-0616956b099903ca1",
            "dhcp_options_id": "dopt-c212eea9",
            "enable_classiclink": false,
            "enable_classiclink_dns_support": false,
            "enable_dns_hostnames": true,
            "enable_dns_support": true,
            "id": "vpc-0a29ed2867294e5aa",
            "instance_tenancy": "default",
            "ipv4_ipam_pool_id": null,
            "ipv4_netmask_length": null,
            "ipv6_association_id": "",
            "ipv6_cidr_block": "",
            "ipv6_cidr_block_network_border_group": "",
            "ipv6_ipam_pool_id": "",
            "ipv6_netmask_length": 0,
            "main_route_table_id": "rtb-0383b6411d661d79d",
            "owner_id": "388565714261",
            "tags": {
              "Name": "terraform-vpc"
            },
            "tags_all": {
              "Name": "terraform-vpc"
            }
          },
          "sensitive_attributes": [],
          "private": "eyJzY2hlbWFfdmVyc2lvbiI6IjEifQ=="
        }
      ]
    },
    {
      "mode": "managed",
      "type": "local_sensitive_file",
      "name": "public_key",
      "provider": "provider[\"registry.terraform.io/hashicorp/local\"]",
      "instances": [
        {
          "schema_version": 0,
          "attributes": {
            "content": "-----BEGIN PUBLIC KEY-----\nMIICIjANBgkqhkiG9w0BAQEFAAOCAg8AMIICCgKCAgEAtc/ShQXcb+79KDLHwm40\nyuUSa87q7eZ4jZpgmyMMuBX941TdpXCPFKbOwgtzrXdcfqy07Rv9WQdQsTEkMgid\n+bmycLgFhARfexhOoxwxeXRU90LhrZDn5/4NRe03M5dzfowNLjKF8OG2+IU5kV/k\n5SZvmiy6yHs5E7cUn4eIHb3H/nNk73/hefxh9Ky4SacQVtwAqST3br4q3X18vSn2\nk6ednBw0adfpdYHyvGq8xMimQpecFMydv/6oXq5KsfeTcxZB0DyXM3AXG0cYUeaJ\nLwujQaVT2pz5qV+7XbQFIqzGDNp7BuGalhvrCvD43f4JDqdXRsAEjHN+TmH8mrh/\nZ2iKUTw3T/Dh3rL59cFhW0rhhNSj3h8P0Hmnd8QhWwAnh5XOid6aM7slhJCS6n6w\nR30pQvLaODyS61N2AFg7W8cItZQo6HdWhBCYrn2cfoUTthaJ9QHbOTalbTj8xI+Q\nSutOyehtG6Mk2+iahWadvLysmPGOnP4EHtXsBiDOuzOFuUnqU7/ToDjRJhfxsykm\nQ+9+Zw4N5WdOHLyBpacmAEJrX2ReYfa/LV/AA79ndjCf9hqRb1bLPlsVJ3O1ZTXB\n2DGsYjwSDUtju+72u5d0l03RV9MZSKn9D4Ifze+Pz9SoGg69lF+6zRUHJTVPFM4i\ndgcAGBHORK8ya9HRHCWA6JUCAwEAAQ==\n-----END PUBLIC KEY-----\n",
            "content_base64": null,
            "directory_permission": "0700",
            "file_permission": "0700",
            "filename": "./id_rsa.pem",
            "id": "6b5f3642d537915ff722a63fe0046279e987df8d",
            "source": null
          },
          "sensitive_attributes": [],
          "private": "bnVsbA==",
          "dependencies": [
            "tls_private_key.ec2_key"
          ]
        }
      ]
    },
    {
      "mode": "managed",
      "type": "tls_private_key",
      "name": "ec2_key",
      "provider": "provider[\"registry.terraform.io/hashicorp/tls\"]",
      "instances": [
        {
          "schema_version": 0,
          "attributes": {
            "algorithm": "RSA",
            "ecdsa_curve": "P224",
            "id": "318b344ecd187deb0d1683b6363a540c4c1f6f86",
            "private_key_openssh": "-----BEGIN OPENSSH PRIVATE KEY-----\nb3BlbnNzaC1rZXktdjEAAAAABG5vbmUAAAAEbm9uZQAAAAAAAAABAAACFwAAAAdz\nc2gtcnNhAAAAAwEAAQAAAgEAtc/ShQXcb+79KDLHwm40yuUSa87q7eZ4jZpgmyMM\nuBX941TdpXCPFKbOwgtzrXdcfqy07Rv9WQdQsTEkMgid+bmycLgFhARfexhOoxwx\neXRU90LhrZDn5/4NRe03M5dzfowNLjKF8OG2+IU5kV/k5SZvmiy6yHs5E7cUn4eI\nHb3H/nNk73/hefxh9Ky4SacQVtwAqST3br4q3X18vSn2k6ednBw0adfpdYHyvGq8\nxMimQpecFMydv/6oXq5KsfeTcxZB0DyXM3AXG0cYUeaJLwujQaVT2pz5qV+7XbQF\nIqzGDNp7BuGalhvrCvD43f4JDqdXRsAEjHN+TmH8mrh/Z2iKUTw3T/Dh3rL59cFh\nW0rhhNSj3h8P0Hmnd8QhWwAnh5XOid6aM7slhJCS6n6wR30pQvLaODyS61N2AFg7\nW8cItZQo6HdWhBCYrn2cfoUTthaJ9QHbOTalbTj8xI+QSutOyehtG6Mk2+iahWad\nvLysmPGOnP4EHtXsBiDOuzOFuUnqU7/ToDjRJhfxsykmQ+9+Zw4N5WdOHLyBpacm\nAEJrX2ReYfa/LV/AA79ndjCf9hqRb1bLPlsVJ3O1ZTXB2DGsYjwSDUtju+72u5d0\nl03RV9MZSKn9D4Ifze+Pz9SoGg69lF+6zRUHJTVPFM4idgcAGBHORK8ya9HRHCWA\n6JUAAAc4xW8T1cVvE9UAAAAHc3NoLXJzYQAAAgEAtc/ShQXcb+79KDLHwm40yuUS\na87q7eZ4jZpgmyMMuBX941TdpXCPFKbOwgtzrXdcfqy07Rv9WQdQsTEkMgid+bmy\ncLgFhARfexhOoxwxeXRU90LhrZDn5/4NRe03M5dzfowNLjKF8OG2+IU5kV/k5SZv\nmiy6yHs5E7cUn4eIHb3H/nNk73/hefxh9Ky4SacQVtwAqST3br4q3X18vSn2k6ed\nnBw0adfpdYHyvGq8xMimQpecFMydv/6oXq5KsfeTcxZB0DyXM3AXG0cYUeaJLwuj\nQaVT2pz5qV+7XbQFIqzGDNp7BuGalhvrCvD43f4JDqdXRsAEjHN+TmH8mrh/Z2iK\nUTw3T/Dh3rL59cFhW0rhhNSj3h8P0Hmnd8QhWwAnh5XOid6aM7slhJCS6n6wR30p\nQvLaODyS61N2AFg7W8cItZQo6HdWhBCYrn2cfoUTthaJ9QHbOTalbTj8xI+QSutO\nyehtG6Mk2+iahWadvLysmPGOnP4EHtXsBiDOuzOFuUnqU7/ToDjRJhfxsykmQ+9+\nZw4N5WdOHLyBpacmAEJrX2ReYfa/LV/AA79ndjCf9hqRb1bLPlsVJ3O1ZTXB2DGs\nYjwSDUtju+72u5d0l03RV9MZSKn9D4Ifze+Pz9SoGg69lF+6zRUHJTVPFM4idgcA\nGBHORK8ya9HRHCWA6JUAAAADAQABAAACAB9HaNV/46PSPvWKfvmBUk3RyTCJAbv6\nGaVq+NHX3tlQ10QkFpne2o7X/9w8ciNW1K/qcJoWZajKbGR/qtV8zAjpnLxtvG0w\n/2hDD0xajlxx2ihL9l2Q/4TXHVt5azTSComr+JyJDqgZfQwWh4fuMogF689fgKb7\nJB+zMLYdcBqFywGIwsW9f4IoHIYmrPHm7xWydd6jwHnp95/xdeNpc8WFYcU4yP+o\nqL6Ro7wstNs6FfiA8tZVOZKNclQPskQZ7uEu5BW6Rt0PnLoRqip0+gcA/o5NrjZ/\nKSitkqOVVAjaJpyRffb6G0lV9kMEoBw5Fz/RJF/Eq0OqnwFHNFk+ApTybCQeZ6fC\n7TPuZ8D+mlKndeKXAQc7JxdlIfnDySxJCoxLe4/0FNiumq/9DBpUfSb6dGNXSwfV\n0EPvB6yvC8sXDBS3idJ45bzQLsMe6T2H3lTYiD9+CvqeSvsbTKSDHlfGkHY4JJSn\nmvLiuphMBb4eDUf5FRvN8+ErPDC9xV8tULKieu4bZ8FCDTon6hgnLxj7Ze5YHt4Z\n/6BeaWPTEt6PbtQ9wKMjeCU/1vVwp5LqyuqrlcIODZgUuITJb5HUkBgAqYmMqiLM\nvAABVUNmiNnG1m0J9Vwja+/rGxv64HrywQIHpq7hmz78u4p03bi86Q9fi7aJzixQ\nSG3xSlKtZAJBAAABAGpGrxcXotj7/VbcgntLBFAzq1bIm5Vn75TCIkgxnKz6yCNv\nvd7rVUMaaH4g7BEBhbXOZw2j3Yihkiixx9LuQxLmI76aZYybVqSP8AQSMnmFJ58Q\n1fnBonvmFUvZuzs11GAx7I3WL63bemZERUFkMQJOWgCJpbhBDd7j6ftfyDhoWDhK\nBRSrp2uKEJHamQ1aR0IeUYZWCPjkXYFbVefVMz8EjXunoxDcDm5FF1N+CIUOkjMy\naIgVUwiBxYvEKfqL/qY4OkzICfBsq1gYDOvwrAsxB11D0MKvFHtaD6/uKwf0a3Ob\ne66mOw1lUQR6UWFuQSrri7ufCWWyeXrFQ0MiSDMAAAEBAMl46vxeu3aCu2iJK/Zo\nbvW9CsPMI5T5ohpv3ibAZyWGCB4Jqb+w8WCP8uOXYsprh61dw0GbHmG8h1lovrsN\n6DinbVp5D1c30ucYUzqi/MA5ouMrFEzV7izzubG7QEy3nccCBER4P5DQuLZFL3wn\nIyUALJ8dy1iYbNsJrkXzV0ZkMhaY4tEDNbbLKSR1aMLaMDLOUWKFkbtSvlSxpRxw\ntec53zCh3E4zybkPcXKhrKf991Dr7UvwKbFx1z9kJESS48SnMP7u+7Bfv5i23ZM5\nAa0RkMuhXsjwjQfsjBKTwr5g78cBtaKH9z6s5Mge2JxMxWHNmshyumjrB/cWqOIg\nuDEAAAEBAOcEt7nBPEFnxN6B94kY/+jIEOAmH8EvQgG7XC4gCXy0IZThVnfCwbge\n8bOcQDzfyrJFHKjzYGcytxfq+mT4uiCTAvvCAxFymA1VgUzSCRDwlQ3h4rikjevB\nVgW6oULN5NEaXyLKrZzcieBbZbRg+0ZERjbxZoWp1hnp8y5ukOO2EOchM8H5hRmX\ndHexDkUqLLOP9njZlVaGrc3sPe0HOADuhzRrmoWeGspyDtic7YNS1bPoc2bjNMKw\n1YHNQ0zp6x9PqQa+IlHGAbXglHqzxzkSswRquEAueAJigTAklW0DMOUno5vARkvR\nFftADAAGOiI1pLx6nucyHDnm7iZSAaUAAAAAAQID\n-----END OPENSSH PRIVATE KEY-----\n",
            "private_key_pem": "-----BEGIN RSA PRIVATE KEY-----\nMIIJKQIBAAKCAgEAtc/ShQXcb+79KDLHwm40yuUSa87q7eZ4jZpgmyMMuBX941Td\npXCPFKbOwgtzrXdcfqy07Rv9WQdQsTEkMgid+bmycLgFhARfexhOoxwxeXRU90Lh\nrZDn5/4NRe03M5dzfowNLjKF8OG2+IU5kV/k5SZvmiy6yHs5E7cUn4eIHb3H/nNk\n73/hefxh9Ky4SacQVtwAqST3br4q3X18vSn2k6ednBw0adfpdYHyvGq8xMimQpec\nFMydv/6oXq5KsfeTcxZB0DyXM3AXG0cYUeaJLwujQaVT2pz5qV+7XbQFIqzGDNp7\nBuGalhvrCvD43f4JDqdXRsAEjHN+TmH8mrh/Z2iKUTw3T/Dh3rL59cFhW0rhhNSj\n3h8P0Hmnd8QhWwAnh5XOid6aM7slhJCS6n6wR30pQvLaODyS61N2AFg7W8cItZQo\n6HdWhBCYrn2cfoUTthaJ9QHbOTalbTj8xI+QSutOyehtG6Mk2+iahWadvLysmPGO\nnP4EHtXsBiDOuzOFuUnqU7/ToDjRJhfxsykmQ+9+Zw4N5WdOHLyBpacmAEJrX2Re\nYfa/LV/AA79ndjCf9hqRb1bLPlsVJ3O1ZTXB2DGsYjwSDUtju+72u5d0l03RV9MZ\nSKn9D4Ifze+Pz9SoGg69lF+6zRUHJTVPFM4idgcAGBHORK8ya9HRHCWA6JUCAwEA\nAQKCAgAfR2jVf+Oj0j71in75gVJN0ckwiQG7+hmlavjR197ZUNdEJBaZ3tqO1//c\nPHIjVtSv6nCaFmWoymxkf6rVfMwI6Zy8bbxtMP9oQw9MWo5ccdooS/ZdkP+E1x1b\neWs00gqJq/iciQ6oGX0MFoeH7jKIBevPX4Cm+yQfszC2HXAahcsBiMLFvX+CKByG\nJqzx5u8VsnXeo8B56fef8XXjaXPFhWHFOMj/qKi+kaO8LLTbOhX4gPLWVTmSjXJU\nD7JEGe7hLuQVukbdD5y6EaoqdPoHAP6OTa42fykorZKjlVQI2iackX32+htJVfZD\nBKAcORc/0SRfxKtDqp8BRzRZPgKU8mwkHmenwu0z7mfA/ppSp3XilwEHOycXZSH5\nw8ksSQqMS3uP9BTYrpqv/QwaVH0m+nRjV0sH1dBD7wesrwvLFwwUt4nSeOW80C7D\nHuk9h95U2Ig/fgr6nkr7G0ykgx5XxpB2OCSUp5ry4rqYTAW+Hg1H+RUbzfPhKzww\nvcVfLVCyonruG2fBQg06J+oYJy8Y+2XuWB7eGf+gXmlj0xLej27UPcCjI3glP9b1\ncKeS6srqq5XCDg2YFLiEyW+R1JAYAKmJjKoizLwAAVVDZojZxtZtCfVcI2vv6xsb\n+uB68sECB6au4Zs+/LuKdN24vOkPX4u2ic4sUEht8UpSrWQCQQKCAQEAyXjq/F67\ndoK7aIkr9mhu9b0Kw8wjlPmiGm/eJsBnJYYIHgmpv7DxYI/y45diymuHrV3DQZse\nYbyHWWi+uw3oOKdtWnkPVzfS5xhTOqL8wDmi4ysUTNXuLPO5sbtATLedxwIERHg/\nkNC4tkUvfCcjJQAsnx3LWJhs2wmuRfNXRmQyFpji0QM1tsspJHVowtowMs5RYoWR\nu1K+VLGlHHC15znfMKHcTjPJuQ9xcqGsp/33UOvtS/ApsXHXP2QkRJLjxKcw/u77\nsF+/mLbdkzkBrRGQy6FeyPCNB+yMEpPCvmDvxwG1oof3PqzkyB7YnEzFYc2ayHK6\naOsH9xao4iC4MQKCAQEA5wS3ucE8QWfE3oH3iRj/6MgQ4CYfwS9CAbtcLiAJfLQh\nlOFWd8LBuB7xs5xAPN/KskUcqPNgZzK3F+r6ZPi6IJMC+8IDEXKYDVWBTNIJEPCV\nDeHiuKSN68FWBbqhQs3k0RpfIsqtnNyJ4FtltGD7RkRGNvFmhanWGenzLm6Q47YQ\n5yEzwfmFGZd0d7EORSoss4/2eNmVVoatzew97Qc4AO6HNGuahZ4aynIO2Jztg1LV\ns+hzZuM0wrDVgc1DTOnrH0+pBr4iUcYBteCUerPHORKzBGq4QC54AmKBMCSVbQMw\n5Sejm8BGS9EV+0AMAAY6IjWkvHqe5zIcOebuJlIBpQKCAQEAyCaDNBKco8B+k/xq\nG1JmoWSblCZyVuak3ySxisfr8MA1wjmRVKlhMq/u+aEEeNnYoSeb+cozpZ8Yy38e\ntE+9msLiBVZtIhWIRSLKVF9lP0ZDBvFeKnMBOdErcmD3IP/tE65yNN9NLv3b8t/K\nq8lpxbFlovGDeVF8GyKD6mQ0GO8jP4XFFyXcL+umxNyLJcCCz4ZeHcVaIMGz6gnN\nYPKsE7lPfE3gwiP6zAmGh/4Lu5y3HMI1LRK7KNhSoVxIF4PiGRSLvUgH7JFCk2Ff\nwImKm7fupA19T5yCTxP1l+MJPf6pVofhPUVcH/y9D/5s7OHr2RzcHzSy8dZERHlT\nb8pXkQKCAQEArrMKnRZcErn+TqXKI4scO1TQLjGmYdjy+YxOMTNY+Uze+E9PrFFD\nXZFJBqJqkZ5LEnThL4KcrG3Vt+iiYikV1/xUjT4yQ8d85Nh8ZzOOV5kXnt/rK+aE\nzHvwKXTw7iv1lYtz1kOe9rhwK5HyX23Xl1OaJYJ4HSxKFF6u37YNK6ZLMf4RveaL\nmMbH9JuYRwWVuFRt9wXTwRMn7ElyqwSCfXHkHOgielkNuXp3b6d8lYrWwK5QVsYK\n6BAB5Z7r/gYHIC6Fi+vM2Dn8oSWsIv5A8hAKAJUTsLVzW5pSR63isgVvvFs1hlro\nzfzXuqC8cmhDHgujAEVaVUu3vLG99oydYQKCAQBqRq8XF6LY+/1W3IJ7SwRQM6tW\nyJuVZ++UwiJIMZys+sgjb73e61VDGmh+IOwRAYW1zmcNo92IoZIoscfS7kMS5iO+\nmmWMm1akj/AEEjJ5hSefENX5waJ75hVL2bs7NdRgMeyN1i+t23pmREVBZDECTloA\niaW4QQ3e4+n7X8g4aFg4SgUUq6drihCR2pkNWkdCHlGGVgj45F2BW1Xn1TM/BI17\np6MQ3A5uRRdTfgiFDpIzMmiIFVMIgcWLxCn6i/6mODpMyAnwbKtYGAzr8KwLMQdd\nQ9DCrxR7Wg+v7isH9Gtzm3uupjsNZVEEelFhbkEq64u7nwllsnl6xUNDIkgz\n-----END RSA PRIVATE KEY-----\n",
            "public_key_fingerprint_md5": "7f:63:cc:2a:5c:b5:4a:4c:a1:5f:a0:1b:7e:03:b7:b6",
            "public_key_fingerprint_sha256": "SHA256:RkPvQvSJYPFuLskgXauuzZA1StQBxVoKapX0aeQUcYo",
            "public_key_openssh": "ssh-rsa AAAAB3NzaC1yc2EAAAADAQABAAACAQC1z9KFBdxv7v0oMsfCbjTK5RJrzurt5niNmmCbIwy4Ff3jVN2lcI8Ups7CC3Otd1x+rLTtG/1ZB1CxMSQyCJ35ubJwuAWEBF97GE6jHDF5dFT3QuGtkOfn/g1F7Tczl3N+jA0uMoXw4bb4hTmRX+TlJm+aLLrIezkTtxSfh4gdvcf+c2Tvf+F5/GH0rLhJpxBW3ACpJPduvirdfXy9KfaTp52cHDRp1+l1gfK8arzEyKZCl5wUzJ2//qherkqx95NzFkHQPJczcBcbRxhR5okvC6NBpVPanPmpX7tdtAUirMYM2nsG4ZqWG+sK8Pjd/gkOp1dGwASMc35OYfyauH9naIpRPDdP8OHesvn1wWFbSuGE1KPeHw/Qead3xCFbACeHlc6J3pozuyWEkJLqfrBHfSlC8to4PJLrU3YAWDtbxwi1lCjod1aEEJiufZx+hRO2Fon1Ads5NqVtOPzEj5BK607J6G0boyTb6JqFZp28vKyY8Y6c/gQe1ewGIM67M4W5SepTv9OgONEmF/GzKSZD735nDg3lZ04cvIGlpyYAQmtfZF5h9r8tX8ADv2d2MJ/2GpFvVss+WxUnc7VlNcHYMaxiPBINS2O77va7l3SXTdFX0xlIqf0Pgh/N74/P1KgaDr2UX7rNFQclNU8UziJ2BwAYEc5ErzJr0dEcJYDolQ==\n",
            "public_key_pem": "-----BEGIN PUBLIC KEY-----\nMIICIjANBgkqhkiG9w0BAQEFAAOCAg8AMIICCgKCAgEAtc/ShQXcb+79KDLHwm40\nyuUSa87q7eZ4jZpgmyMMuBX941TdpXCPFKbOwgtzrXdcfqy07Rv9WQdQsTEkMgid\n+bmycLgFhARfexhOoxwxeXRU90LhrZDn5/4NRe03M5dzfowNLjKF8OG2+IU5kV/k\n5SZvmiy6yHs5E7cUn4eIHb3H/nNk73/hefxh9Ky4SacQVtwAqST3br4q3X18vSn2\nk6ednBw0adfpdYHyvGq8xMimQpecFMydv/6oXq5KsfeTcxZB0DyXM3AXG0cYUeaJ\nLwujQaVT2pz5qV+7XbQFIqzGDNp7BuGalhvrCvD43f4JDqdXRsAEjHN+TmH8mrh/\nZ2iKUTw3T/Dh3rL59cFhW0rhhNSj3h8P0Hmnd8QhWwAnh5XOid6aM7slhJCS6n6w\nR30pQvLaODyS61N2AFg7W8cItZQo6HdWhBCYrn2cfoUTthaJ9QHbOTalbTj8xI+Q\nSutOyehtG6Mk2+iahWadvLysmPGOnP4EHtXsBiDOuzOFuUnqU7/ToDjRJhfxsykm\nQ+9+Zw4N5WdOHLyBpacmAEJrX2ReYfa/LV/AA79ndjCf9hqRb1bLPlsVJ3O1ZTXB\n2DGsYjwSDUtju+72u5d0l03RV9MZSKn9D4Ifze+Pz9SoGg69lF+6zRUHJTVPFM4i\ndgcAGBHORK8ya9HRHCWA6JUCAwEAAQ==\n-----END PUBLIC KEY-----\n",
            "rsa_bits": 4096
          },
          "sensitive_attributes": [],
          "private": "bnVsbA=="
        }
      ]
    }
  ]
}
